
Microsoft Visual Studio Solution File, Format Version 12.00
# Visual Studio Version 17
VisualStudioVersion = 17.3.32929.385
MinimumVisualStudioVersion = 10.0.40219.1
Project("{FAE04EC0-301F-11D3-BF4B-00C04F79EFBC}") = "AudioPlayer", "AudioPlayer\AudioPlayer.csproj", "{DD108EF7-90C3-4ECE-B7CA-9B081BEA460A}"
EndProject
Global
	GlobalSection(SolutionConfigurationPlatforms) = preSolution
		Debug|Any CPU = Debug|Any CPU
		Release|Any CPU = Release|Any CPU
	EndGlobalSection
	GlobalSection(ProjectConfigurationPlatforms) = postSolution
		{DD108EF7-90C3-4ECE-B7CA-9B081BEA460A}.Debug|Any CPU.ActiveCfg = Debug|Any CPU
		{DD108EF7-90C3-4ECE-B7CA-9B081BEA460A}.Debug|Any CPU.Build.0 = Debug|Any CPU
		{DD108EF7-90C3-4ECE-B7CA-9B081BEA460A}.Release|Any CPU.ActiveCfg = Release|Any CPU
		{DD108EF7-90C3-4ECE-B7CA-9B081BEA460A}.Release|Any CPU.Build.0 = Release|Any CPU
	EndGlobalSection
	GlobalSection(SolutionProperties) = preSolution
		HideSolutionNode = FALSE
	EndGlobalSection
	GlobalSection(ExtensibilityGlobals) = postSolution
		SolutionGuid = {F6DECE44-A3AE-4851-8570-85AF282ADDFD}
	EndGlobalSection
EndGlobal
